// !$*UTF8*$!
{
	archiveVersion = 1;
	classes = {
	};
	objectVersion = 46;
	objects = {

/* Begin PBXBuildFile section */
		944A10C21E764EA800530AC3 /* Home.swift in Sources */ = {isa = PBXBuildFile; fileRef = 944A10C11E764EA800530AC3 /* Home.swift */; };
		944A10C41E764EC000530AC3 /* Input.swift in Sources */ = {isa = PBXBuildFile; fileRef = 944A10C31E764EC000530AC3 /* Input.swift */; };
		944A10C61E764EDC00530AC3 /* Blance.swift in Sources */ = {isa = PBXBuildFile; fileRef = 944A10C51E764EDC00530AC3 /* Blance.swift */; };
		944A10C81E764F0700530AC3 /* Sell.swift in Sources */ = {isa = PBXBuildFile; fileRef = 944A10C71E764F0700530AC3 /* Sell.swift */; };
		944A10CA1E764F8D00530AC3 /* People.swift in Sources */ = {isa = PBXBuildFile; fileRef = 944A10C91E764F8D00530AC3 /* People.swift */; };
		944A10CC1E764FBE00530AC3 /* Skack.swift in Sources */ = {isa = PBXBuildFile; fileRef = 944A10CB1E764FBE00530AC3 /* Skack.swift */; };
		944A10CE1E764FF700530AC3 /* Extra Cost.swift in Sources */ = {isa = PBXBuildFile; fileRef = 944A10CD1E764FF700530AC3 /* Extra Cost.swift */; };
		944A10D01E76503A00530AC3 /* Due Blance.swift in Sources */ = {isa = PBXBuildFile; fileRef = 944A10CF1E76503A00530AC3 /* Due Blance.swift */; };
		944A10D21E76508300530AC3 /* DueBlanceCell.swift in Sources */ = {isa = PBXBuildFile; fileRef = 944A10D11E76508300530AC3 /* DueBlanceCell.swift */; };
		944A10D41E76509600530AC3 /* ExtraCostCell.swift in Sources */ = {isa = PBXBuildFile; fileRef = 944A10D31E76509600530AC3 /* ExtraCostCell.swift */; };
		944A10D61E7650A800530AC3 /* PeopleCell.swift in Sources */ = {isa = PBXBuildFile; fileRef = 944A10D51E7650A800530AC3 /* PeopleCell.swift */; };
		944A10D81E7650E100530AC3 /* ProviderSelectProduct.swift in Sources */ = {isa = PBXBuildFile; fileRef = 944A10D71E7650E100530AC3 /* ProviderSelectProduct.swift */; };
		944A10DA1E7650F200530AC3 /* CustomerSelectProduct.swift in Sources */ = {isa = PBXBuildFile; fileRef = 944A10D91E7650F200530AC3 /* CustomerSelectProduct.swift */; };
		944A10DC1E76512E00530AC3 /* Tabbar.swift in Sources */ = {isa = PBXBuildFile; fileRef = 944A10DB1E76512E00530AC3 /* Tabbar.swift */; };
		944A10DE1E76519500530AC3 /* SellNavi.swift in Sources */ = {isa = PBXBuildFile; fileRef = 944A10DD1E76519500530AC3 /* SellNavi.swift */; };
		944A10E01E7651A700530AC3 /* InputNavi.swift in Sources */ = {isa = PBXBuildFile; fileRef = 944A10DF1E7651A700530AC3 /* InputNavi.swift */; };
		944A10E21E7651B900530AC3 /* BlanceNavi.swift in Sources */ = {isa = PBXBuildFile; fileRef = 944A10E11E7651B900530AC3 /* BlanceNavi.swift */; };
		944A10E41E7654D300530AC3 /* StackNavi.swift in Sources */ = {isa = PBXBuildFile; fileRef = 944A10E31E7654D300530AC3 /* StackNavi.swift */; };
		944A10E61E767FD200530AC3 /* StackCell.swift in Sources */ = {isa = PBXBuildFile; fileRef = 944A10E51E767FD200530AC3 /* StackCell.swift */; };
		94A8010F1E75B65300A234AC /* AppDelegate.swift in Sources */ = {isa = PBXBuildFile; fileRef = 94A8010E1E75B65300A234AC /* AppDelegate.swift */; };
		94A801141E75B65400A234AC /* Main.storyboard in Resources */ = {isa = PBXBuildFile; fileRef = 94A801121E75B65400A234AC /* Main.storyboard */; };
		94A801161E75B65400A234AC /* Assets.xcassets in Resources */ = {isa = PBXBuildFile; fileRef = 94A801151E75B65400A234AC /* Assets.xcassets */; };
		94A801191E75B65400A234AC /* LaunchScreen.storyboard in Resources */ = {isa = PBXBuildFile; fileRef = 94A801171E75B65400A234AC /* LaunchScreen.storyboard */; };
		94A801241E75B65400A234AC /* HappyComputeriOSTests.swift in Sources */ = {isa = PBXBuildFile; fileRef = 94A801231E75B65400A234AC /* HappyComputeriOSTests.swift */; };
		94A8012F1E75B65400A234AC /* HappyComputeriOSUITests.swift in Sources */ = {isa = PBXBuildFile; fileRef = 94A8012E1E75B65400A234AC /* HappyComputeriOSUITests.swift */; };
/* End PBXBuildFile section */

/* Begin PBXContainerItemProxy section */
		94A801201E75B65400A234AC /* PBXContainerItemProxy */ = {
			isa = PBXContainerItemProxy;
			containerPortal = 94A801031E75B65200A234AC /* Project object */;
			proxyType = 1;
			remoteGlobalIDString = 94A8010A1E75B65200A234AC;
			remoteInfo = HappyComputeriOS;
		};
		94A8012B1E75B65400A234AC /* PBXContainerItemProxy */ = {
			isa = PBXContainerItemProxy;
			containerPortal = 94A801031E75B65200A234AC /* Project object */;
			proxyType = 1;
			remoteGlobalIDString = 94A8010A1E75B65200A234AC;
			remoteInfo = HappyComputeriOS;
		};
/* End PBXContainerItemProxy section */

/* Begin PBXFileReference section */
		944A10C11E764EA800530AC3 /* Home.swift */ = {isa = PBXFileReference; fileEncoding = 4; lastKnownFileType = sourcecode.swift; path = Home.swift; sourceTree = "<group>"; };
		944A10C31E764EC000530AC3 /* Input.swift */ = {isa = PBXFileReference; fileEncoding = 4; lastKnownFileType = sourcecode.swift; path = Input.swift; sourceTree = "<group>"; };
		944A10C51E764EDC00530AC3 /* Blance.swift */ = {isa = PBXFileReference; fileEncoding = 4; lastKnownFileType = sourcecode.swift; path = Blance.swift; sourceTree = "<group>"; };
		944A10C71E764F0700530AC3 /* Sell.swift */ = {isa = PBXFileReference; fileEncoding = 4; lastKnownFileType = sourcecode.swift; path = Sell.swift; sourceTree = "<group>"; };
		944A10C91E764F8D00530AC3 /* People.swift */ = {isa = PBXFileReference; fileEncoding = 4; lastKnownFileType = sourcecode.swift; path = People.swift; sourceTree = "<group>"; };
		944A10CB1E764FBE00530AC3 /* Skack.swift */ = {isa = PBXFileReference; fileEncoding = 4; lastKnownFileType = sourcecode.swift; path = Skack.swift; sourceTree = "<group>"; };
		944A10CD1E764FF700530AC3 /* Extra Cost.swift */ = {isa = PBXFileReference; fileEncoding = 4; lastKnownFileType = sourcecode.swift; path = "Extra Cost.swift"; sourceTree = "<group>"; };
		944A10CF1E76503A00530AC3 /* Due Blance.swift */ = {isa = PBXFileReference; fileEncoding = 4; lastKnownFileType = sourcecode.swift; path = "Due Blance.swift"; sourceTree = "<group>"; };
		944A10D11E76508300530AC3 /* DueBlanceCell.swift */ = {isa = PBXFileReference; fileEncoding = 4; lastKnownFileType = sourcecode.swift; path = DueBlanceCell.swift; sourceTree = "<group>"; };
		944A10D31E76509600530AC3 /* ExtraCostCell.swift */ = {isa = PBXFileReference; fileEncoding = 4; lastKnownFileType = sourcecode.swift; path = ExtraCostCell.swift; sourceTree = "<group>"; };
		944A10D51E7650A800530AC3 /* PeopleCell.swift */ = {isa = PBXFileReference; fileEncoding = 4; lastKnownFileType = sourcecode.swift; path = PeopleCell.swift; sourceTree = "<group>"; };
		944A10D71E7650E100530AC3 /* ProviderSelectProduct.swift */ = {isa = PBXFileReference; fileEncoding = 4; lastKnownFileType = sourcecode.swift; path = ProviderSelectProduct.swift; sourceTree = "<group>"; };
		944A10D91E7650F200530AC3 /* CustomerSelectProduct.swift */ = {isa = PBXFileReference; fileEncoding = 4; lastKnownFileType = sourcecode.swift; path = CustomerSelectProduct.swift; sourceTree = "<group>"; };
		944A10DB1E76512E00530AC3 /* Tabbar.swift */ = {isa = PBXFileReference; fileEncoding = 4; lastKnownFileType = sourcecode.swift; path = Tabbar.swift; sourceTree = "<group>"; };
		944A10DD1E76519500530AC3 /* SellNavi.swift */ = {isa = PBXFileReference; fileEncoding = 4; lastKnownFileType = sourcecode.swift; path = SellNavi.swift; sourceTree = "<group>"; };
		944A10DF1E7651A700530AC3 /* InputNavi.swift */ = {isa = PBXFileReference; fileEncoding = 4; lastKnownFileType = sourcecode.swift; path = InputNavi.swift; sourceTree = "<group>"; };
		944A10E11E7651B900530AC3 /* BlanceNavi.swift */ = {isa = PBXFileReference; fileEncoding = 4; lastKnownFileType = sourcecode.swift; path = BlanceNavi.swift; sourceTree = "<group>"; };
		944A10E31E7654D300530AC3 /* StackNavi.swift */ = {isa = PBXFileReference; fileEncoding = 4; lastKnownFileType = sourcecode.swift; path = StackNavi.swift; sourceTree = "<group>"; };
		944A10E51E767FD200530AC3 /* StackCell.swift */ = {isa = PBXFileReference; fileEncoding = 4; lastKnownFileType = sourcecode.swift; path = StackCell.swift; sourceTree = "<group>"; };
		94A8010B1E75B65300A234AC /* HappyComputeriOS.app */ = {isa = PBXFileReference; explicitFileType = wrapper.application; includeInIndex = 0; path = HappyComputeriOS.app; sourceTree = BUILT_PRODUCTS_DIR; };
		94A8010E1E75B65300A234AC /* AppDelegate.swift */ = {isa = PBXFileReference; lastKnownFileType = sourcecode.swift; path = AppDelegate.swift; sourceTree = "<group>"; };
		94A801131E75B65400A234AC /* Base */ = {isa = PBXFileReference; lastKnownFileType = file.storyboard; name = Base; path = Base.lproj/Main.storyboard; sourceTree = "<group>"; };
		94A801151E75B65400A234AC /* Assets.xcassets */ = {isa = PBXFileReference; lastKnownFileType = folder.assetcatalog; path = Assets.xcassets; sourceTree = "<group>"; };
		94A801181E75B65400A234AC /* Base */ = {isa = PBXFileReference; lastKnownFileType = file.storyboard; name = Base; path = Base.lproj/LaunchScreen.storyboard; sourceTree = "<group>"; };
		94A8011A1E75B65400A234AC /* Info.plist */ = {isa = PBXFileReference; lastKnownFileType = text.plist.xml; path = Info.plist; sourceTree = "<group>"; };
		94A8011F1E75B65400A234AC /* HappyComputeriOSTests.xctest */ = {isa = PBXFileReference; explicitFileType = wrapper.cfbundle; includeInIndex = 0; path = HappyComputeriOSTests.xctest; sourceTree = BUILT_PRODUCTS_DIR; };
		94A801231E75B65400A234AC /* HappyComputeriOSTests.swift */ = {isa = PBXFileReference; lastKnownFileType = sourcecode.swift; path = HappyComputeriOSTests.swift; sourceTree = "<group>"; };
		94A801251E75B65400A234AC /* Info.plist */ = {isa = PBXFileReference; lastKnownFileType = text.plist.xml; path = Info.plist; sourceTree = "<group>"; };
		94A8012A1E75B65400A234AC /* HappyComputeriOSUITests.xctest */ = {isa = PBXFileReference; explicitFileType = wrapper.cfbundle; includeInIndex = 0; path = HappyComputeriOSUITests.xctest; sourceTree = BUILT_PRODUCTS_DIR; };
		94A8012E1E75B65400A234AC /* HappyComputeriOSUITests.swift */ = {isa = PBXFileReference; lastKnownFileType = sourcecode.swift; path = HappyComputeriOSUITests.swift; sourceTree = "<group>"; };
		94A801301E75B65400A234AC /* Info.plist */ = {isa = PBXFileReference; lastKnownFileType = text.plist.xml; path = Info.plist; sourceTree = "<group>"; };
/* End PBXFileReference section */

/* Begin PBXFrameworksBuildPhase section */
		94A801081E75B65200A234AC /* Frameworks */ = {
			isa = PBXFrameworksBuildPhase;
			buildActionMask = 2147483647;
			files = (
			);
			runOnlyForDeploymentPostprocessing = 0;
		};
		94A8011C1E75B65400A234AC /* Frameworks */ = {
			isa = PBXFrameworksBuildPhase;
			buildActionMask = 2147483647;
			files = (
			);
			runOnlyForDeploymentPostprocessing = 0;
		};
		94A801271E75B65400A234AC /* Frameworks */ = {
			isa = PBXFrameworksBuildPhase;
			buildActionMask = 2147483647;
			files = (
			);
			runOnlyForDeploymentPostprocessing = 0;
		};
/* End PBXFrameworksBuildPhase section */

/* Begin PBXGroup section */
		94A801021E75B65200A234AC = {
			isa = PBXGroup;
			children = (
				94A8010D1E75B65300A234AC /* HappyComputeriOS */,
				94A801221E75B65400A234AC /* HappyComputeriOSTests */,
				94A8012D1E75B65400A234AC /* HappyComputeriOSUITests */,
				94A8010C1E75B65300A234AC /* Products */,
			);
			sourceTree = "<group>";
		};
		94A8010C1E75B65300A234AC /* Products */ = {
			isa = PBXGroup;
			children = (
				94A8010B1E75B65300A234AC /* HappyComputeriOS.app */,
				94A8011F1E75B65400A234AC /* HappyComputeriOSTests.xctest */,
				94A8012A1E75B65400A234AC /* HappyComputeriOSUITests.xctest */,
			);
			name = Products;
			sourceTree = "<group>";
		};
		94A8010D1E75B65300A234AC /* HappyComputeriOS */ = {
			isa = PBXGroup;
			children = (
				94A8010E1E75B65300A234AC /* AppDelegate.swift */,
				94A801121E75B65400A234AC /* Main.storyboard */,
				944A10E51E767FD200530AC3 /* StackCell.swift */,
				944A10E31E7654D300530AC3 /* StackNavi.swift */,
				944A10DD1E76519500530AC3 /* SellNavi.swift */,
				944A10DF1E7651A700530AC3 /* InputNavi.swift */,
				944A10E11E7651B900530AC3 /* BlanceNavi.swift */,
				944A10DB1E76512E00530AC3 /* Tabbar.swift */,
				944A10D71E7650E100530AC3 /* ProviderSelectProduct.swift */,
				944A10D91E7650F200530AC3 /* CustomerSelectProduct.swift */,
				944A10D11E76508300530AC3 /* DueBlanceCell.swift */,
				944A10D31E76509600530AC3 /* ExtraCostCell.swift */,
				944A10D51E7650A800530AC3 /* PeopleCell.swift */,
				944A10CF1E76503A00530AC3 /* Due Blance.swift */,
				944A10CD1E764FF700530AC3 /* Extra Cost.swift */,
				944A10CB1E764FBE00530AC3 /* Skack.swift */,
				944A10C91E764F8D00530AC3 /* People.swift */,
				944A10C71E764F0700530AC3 /* Sell.swift */,
				944A10C11E764EA800530AC3 /* Home.swift */,
				944A10C31E764EC000530AC3 /* Input.swift */,
				944A10C51E764EDC00530AC3 /* Blance.swift */,
				94A801151E75B65400A234AC /* Assets.xcassets */,
				94A801171E75B65400A234AC /* LaunchScreen.storyboard */,
				94A8011A1E75B65400A234AC /* Info.plist */,
			);
			path = HappyComputeriOS;
			sourceTree = "<group>";
		};
		94A801221E75B65400A234AC /* HappyComputeriOSTests */ = {
			isa = PBXGroup;
			children = (
				94A801231E75B65400A234AC /* HappyComputeriOSTests.swift */,
				94A801251E75B65400A234AC /* Info.plist */,
			);
			path = HappyComputeriOSTests;
			sourceTree = "<group>";
		};
		94A8012D1E75B65400A234AC /* HappyComputeriOSUITests */ = {
			isa = PBXGroup;
			children = (
				94A8012E1E75B65400A234AC /* HappyComputeriOSUITests.swift */,
				94A801301E75B65400A234AC /* Info.plist */,
			);
			path = HappyComputeriOSUITests;
			sourceTree = "<group>";
		};
/* End PBXGroup section */

/* Begin PBXNativeTarget section */
		94A8010A1E75B65200A234AC /* HappyComputeriOS */ = {
			isa = PBXNativeTarget;
			buildConfigurationList = 94A801331E75B65400A234AC /* Build configuration list for PBXNativeTarget "HappyComputeriOS" */;
			buildPhases = (
				94A801071E75B65200A234AC /* Sources */,
				94A801081E75B65200A234AC /* Frameworks */,
				94A801091E75B65200A234AC /* Resources */,
			);
			buildRules = (
			);
			dependencies = (
			);
			name = HappyComputeriOS;
			productName = HappyComputeriOS;
			productReference = 94A8010B1E75B65300A234AC /* HappyComputeriOS.app */;
			productType = "com.apple.product-type.application";
		};
		94A8011E1E75B65400A234AC /* HappyComputeriOSTests */ = {
			isa = PBXNativeTarget;
			buildConfigurationList = 94A801361E75B65400A234AC /* Build configuration list for PBXNativeTarget "HappyComputeriOSTests" */;
			buildPhases = (
				94A8011B1E75B65400A234AC /* Sources */,
				94A8011C1E75B65400A234AC /* Frameworks */,
				94A8011D1E75B65400A234AC /* Resources */,
			);
			buildRules = (
			);
			dependencies = (
				94A801211E75B65400A234AC /* PBXTargetDependency */,
			);
			name = HappyComputeriOSTests;
			productName = HappyComputeriOSTests;
			productReference = 94A8011F1E75B65400A234AC /* HappyComputeriOSTests.xctest */;
			productType = "com.apple.product-type.bundle.unit-test";
		};
		94A801291E75B65400A234AC /* HappyComputeriOSUITests */ = {
			isa = PBXNativeTarget;
			buildConfigurationList = 94A801391E75B65400A234AC /* Build configuration list for PBXNativeTarget "HappyComputeriOSUITests" */;
			buildPhases = (
				94A801261E75B65400A234AC /* Sources */,
				94A801271E75B65400A234AC /* Frameworks */,
				94A801281E75B65400A234AC /* Resources */,
			);
			buildRules = (
			);
			dependencies = (
				94A8012C1E75B65400A234AC /* PBXTargetDependency */,
			);
			name = HappyComputeriOSUITests;
			productName = HappyComputeriOSUITests;
			productReference = 94A8012A1E75B65400A234AC /* HappyComputeriOSUITests.xctest */;
			productType = "com.apple.product-type.bundle.ui-testing";
		};
/* End PBXNativeTarget section */

/* Begin PBXProject section */
		94A801031E75B65200A234AC /* Project object */ = {
			isa = PBXProject;
			attributes = {
				LastSwiftUpdateCheck = 0820;
				LastUpgradeCheck = 0820;
				ORGANIZATIONNAME = Mazharul;
				TargetAttributes = {
					94A8010A1E75B65200A234AC = {
						CreatedOnToolsVersion = 8.2;
						DevelopmentTeam = A94WMW47U9;
						ProvisioningStyle = Automatic;
					};
					94A8011E1E75B65400A234AC = {
						CreatedOnToolsVersion = 8.2;
						ProvisioningStyle = Automatic;
						TestTargetID = 94A8010A1E75B65200A234AC;
					};
					94A801291E75B65400A234AC = {
						CreatedOnToolsVersion = 8.2;
						ProvisioningStyle = Automatic;
						TestTargetID = 94A8010A1E75B65200A234AC;
					};
				};
			};
			buildConfigurationList = 94A801061E75B65200A234AC /* Build configuration list for PBXProject "HappyComputeriOS" */;
			compatibilityVersion = "Xcode 3.2";
			developmentRegion = English;
			hasScannedForEncodings = 0;
			knownRegions = (
				en,
				Base,
			);
			mainGroup = 94A801021E75B65200A234AC;
			productRefGroup = 94A8010C1E75B65300A234AC /* Products */;
			projectDirPath = "";
			projectRoot = "";
			targets = (
				94A8010A1E75B65200A234AC /* HappyComputeriOS */,
				94A8011E1E75B65400A234AC /* HappyComputeriOSTests */,
				94A801291E75B65400A234AC /* HappyComputeriOSUITests */,
			);
		};
/* End PBXProject section */

/* Begin PBXResourcesBuildPhase section */
		94A801091E75B65200A234AC /* Resources */ = {
			isa = PBXResourcesBuildPhase;
			buildActionMask = 2147483647;
			files = (
				94A801191E75B65400A234AC /* LaunchScreen.storyboard in Resources */,
				94A801161E75B65400A234AC /* Assets.xcassets in Resources */,
				94A801141E75B65400A234AC /* Main.storyboard in Resources */,
			);
			runOnlyForDeploymentPostprocessing = 0;
		};
		94A8011D1E75B65400A234AC /* Resources */ = {
			isa = PBXResourcesBuildPhase;
			buildActionMask = 2147483647;
			files = (
			);
			runOnlyForDeploymentPostprocessing = 0;
		};
		94A801281E75B65400A234AC /* Resources */ = {
			isa = PBXResourcesBuildPhase;
			buildActionMask = 2147483647;
			files = (
			);
			runOnlyForDeploymentPostprocessing = 0;
		};
/* End PBXResourcesBuildPhase section */

/* Begin PBXSourcesBuildPhase section */
		94A801071E75B65200A234AC /* Sources */ = {
			isa = PBXSourcesBuildPhase;
			buildActionMask = 2147483647;
			files = (
				944A10D01E76503A00530AC3 /* Due Blance.swift in Sources */,
				944A10DA1E7650F200530AC3 /* CustomerSelectProduct.swift in Sources */,
				944A10E21E7651B900530AC3 /* BlanceNavi.swift in Sources */,
				944A10D41E76509600530AC3 /* ExtraCostCell.swift in Sources */,
				944A10CE1E764FF700530AC3 /* Extra Cost.swift in Sources */,
				944A10E01E7651A700530AC3 /* InputNavi.swift in Sources */,
				944A10C81E764F0700530AC3 /* Sell.swift in Sources */,
				944A10CC1E764FBE00530AC3 /* Skack.swift in Sources */,
				944A10DC1E76512E00530AC3 /* Tabbar.swift in Sources */,
				944A10DE1E76519500530AC3 /* SellNavi.swift in Sources */,
				944A10D81E7650E100530AC3 /* ProviderSelectProduct.swift in Sources */,
				944A10C21E764EA800530AC3 /* Home.swift in Sources */,
				944A10E61E767FD200530AC3 /* StackCell.swift in Sources */,
				944A10C41E764EC000530AC3 /* Input.swift in Sources */,
				944A10E41E7654D300530AC3 /* StackNavi.swift in Sources */,
				94A8010F1E75B65300A234AC /* AppDelegate.swift in Sources */,
				944A10D61E7650A800530AC3 /* PeopleCell.swift in Sources */,
				944A10CA1E764F8D00530AC3 /* People.swift in Sources */,
				944A10C61E764EDC00530AC3 /* Blance.swift in Sources */,
				944A10D21E76508300530AC3 /* DueBlanceCell.swift in Sources */,
			);
			runOnlyForDeploymentPostprocessing = 0;
		};
		94A8011B1E75B65400A234AC /* Sources */ = {
			isa = PBXSourcesBuildPhase;
			buildActionMask = 2147483647;
			files = (
				94A801241E75B65400A234AC /* HappyComputeriOSTests.swift in Sources */,
			);
			runOnlyForDeploymentPostprocessing = 0;
		};
		94A801261E75B65400A234AC /* Sources */ = {
			isa = PBXSourcesBuildPhase;
			buildActionMask = 2147483647;
			files = (
				94A8012F1E75B65400A234AC /* HappyComputeriOSUITests.swift in Sources */,
			);
			runOnlyForDeploymentPostprocessing = 0;
		};
/* End PBXSourcesBuildPhase section */

/* Begin PBXTargetDependency section */
		94A801211E75B65400A234AC /* PBXTargetDependency */ = {
			isa = PBXTargetDependency;
			target = 94A8010A1E75B65200A234AC /* HappyComputeriOS */;
			targetProxy = 94A801201E75B65400A234AC /* PBXContainerItemProxy */;
		};
		94A8012C1E75B65400A234AC /* PBXTargetDependency */ = {
			isa = PBXTargetDependency;
			target = 94A8010A1E75B65200A234AC /* HappyComputeriOS */;
			targetProxy = 94A8012B1E75B65400A234AC /* PBXContainerItemProxy */;
		};
/* End PBXTargetDependency section */

/* Begin PBXVariantGroup section */
		94A801121E75B65400A234AC /* Main.storyboard */ = {
			isa = PBXVariantGroup;
			children = (
				94A801131E75B65400A234AC /* Base */,
			);
			name = Main.storyboard;
			sourceTree = "<group>";
		};
		94A801171E75B65400A234AC /* LaunchScreen.storyboard */ = {
			isa = PBXVariantGroup;
			children = (
				94A801181E75B65400A234AC /* Base */,
			);
			name = LaunchScreen.storyboard;
			sourceTree = "<group>";
		};
/* End PBXVariantGroup section */

/* Begin XCBuildConfiguration section */
		94A801311E75B65400A234AC /* Debug */ = {
			isa = XCBuildConfiguration;
			buildSettings = {
				ALWAYS_SEARCH_USER_PATHS = NO;
				CLANG_ANALYZER_NONNULL = YES;
				CLANG_CXX_LANGUAGE_STANDARD = "gnu++0x";
				CLANG_CXX_LIBRARY = "libc++";
				CLANG_ENABLE_MODULES = YES;
				CLANG_ENABLE_OBJC_ARC = YES;
				CLANG_WARN_BOOL_CONVERSION = YES;
				CLANG_WARN_CONSTANT_CONVERSION = YES;
				CLANG_WARN_DIRECT_OBJC_ISA_USAGE = YES_ERROR;
				CLANG_WARN_DOCUMENTATION_COMMENTS = YES;
				CLANG_WARN_EMPTY_BODY = YES;
				CLANG_WARN_ENUM_CONVERSION = YES;
				CLANG_WARN_INFINITE_RECURSION = YES;
				CLANG_WARN_INT_CONVERSION = YES;
				CLANG_WARN_OBJC_ROOT_CLASS = YES_ERROR;
				CLANG_WARN_SUSPICIOUS_MOVE = YES;
				CLANG_WARN_UNREACHABLE_CODE = YES;
				CLANG_WARN__DUPLICATE_METHOD_MATCH = YES;
				"CODE_SIGN_IDENTITY[sdk=iphoneos*]" = "iPhone Developer";
				COPY_PHASE_STRIP = NO;
				DEBUG_INFORMATION_FORMAT = dwarf;
				ENABLE_STRICT_OBJC_MSGSEND = YES;
				ENABLE_TESTABILITY = YES;
				GCC_C_LANGUAGE_STANDARD = gnu99;
				GCC_DYNAMIC_NO_PIC = NO;
				GCC_NO_COMMON_BLOCKS = YES;
				GCC_OPTIMIZATION_LEVEL = 0;
				GCC_PREPROCESSOR_DEFINITIONS = (
					"DEBUG=1",
					"$(inherited)",
				);
				GCC_WARN_64_TO_32_BIT_CONVERSION = YES;
				GCC_WARN_ABOUT_RETURN_TYPE = YES_ERROR;
				GCC_WARN_UNDECLARED_SELECTOR = YES;
				GCC_WARN_UNINITIALIZED_AUTOS = YES_AGGRESSIVE;
				GCC_WARN_UNUSED_FUNCTION = YES;
				GCC_WARN_UNUSED_VARIABLE = YES;
				IPHONEOS_DEPLOYMENT_TARGET = 10.2;
				MTL_ENABLE_DEBUG_INFO = YES;
				ONLY_ACTIVE_ARCH = YES;
				SDKROOT = iphoneos;
				SWIFT_ACTIVE_COMPILATION_CONDITIONS = DEBUG;
				SWIFT_OPTIMIZATION_LEVEL = "-Onone";
				TARGETED_DEVICE_FAMILY = "1,2";
			};
			name = Debug;
		};
		94A801321E75B65400A234AC /* Release */ = {
			isa = XCBuildConfiguration;
			buildSettings = {
				ALWAYS_SEARCH_USER_PATHS = NO;
				CLANG_ANALYZER_NONNULL = YES;
				CLANG_CXX_LANGUAGE_STANDARD = "gnu++0x";
				CLANG_CXX_LIBRARY = "libc++";
				CLANG_ENABLE_MODULES = YES;
				CLANG_ENABLE_OBJC_ARC = YES;
				CLANG_WARN_BOOL_CONVERSION = YES;
				CLANG_WARN_CONSTANT_CONVERSION = YES;
				CLANG_WARN_DIRECT_OBJC_ISA_USAGE = YES_ERROR;
				CLANG_WARN_DOCUMENTATION_COMMENTS = YES;
				CLANG_WARN_EMPTY_BODY = YES;
				CLANG_WARN_ENUM_CONVERSION = YES;
				CLANG_WARN_INFINITE_RECURSION = YES;
				CLANG_WARN_INT_CONVERSION = YES;
				CLANG_WARN_OBJC_ROOT_CLASS = YES_ERROR;
				CLANG_WARN_SUSPICIOUS_MOVE = YES;
				CLANG_WARN_UNREACHABLE_CODE = YES;
				CLANG_WARN__DUPLICATE_METHOD_MATCH = YES;
				"CODE_SIGN_IDENTITY[sdk=iphoneos*]" = "iPhone Developer";
				COPY_PHASE_STRIP = NO;
				DEBUG_INFORMATION_FORMAT = "dwarf-with-dsym";
				ENABLE_NS_ASSERTIONS = NO;
				ENABLE_STRICT_OBJC_MSGSEND = YES;
				GCC_C_LANGUAGE_STANDARD = gnu99;
				GCC_NO_COMMON_BLOCKS = YES;
				GCC_WARN_64_TO_32_BIT_CONVERSION = YES;
				GCC_WARN_ABOUT_RETURN_TYPE = YES_ERROR;
				GCC_WARN_UNDECLARED_SELECTOR = YES;
				GCC_WARN_UNINITIALIZED_AUTOS = YES_AGGRESSIVE;
				GCC_WARN_UNUSED_FUNCTION = YES;
				GCC_WARN_UNUSED_VARIABLE = YES;
				IPHONEOS_DEPLOYMENT_TARGET = 10.2;
				MTL_ENABLE_DEBUG_INFO = NO;
				SDKROOT = iphoneos;
				SWIFT_OPTIMIZATION_LEVEL = "-Owholemodule";
				TARGETED_DEVICE_FAMILY = "1,2";
				VALIDATE_PRODUCT = YES;
			};
			name = Release;
		};
		94A801341E75B65400A234AC /* Debug */ = {
			isa = XCBuildConfiguration;
			buildSettings = {
				ASSETCATALOG_COMPILER_APPICON_NAME = AppIcon;
				DEVELOPMENT_TEAM = A94WMW47U9;
				INFOPLIST_FILE = HappyComputeriOS/Info.plist;
				LD_RUNPATH_SEARCH_PATHS = "$(inherited) @executable_path/Frameworks";
				PRODUCT_BUNDLE_IDENTIFIER = Mazharul.HappyComputeriOS;
				PRODUCT_NAME = "$(TARGET_NAME)";
				SWIFT_VERSION = 3.0;
			};
			name = Debug;
		};
		94A801351E75B65400A234AC /* Release */ = {
			isa = XCBuildConfiguration;
			buildSettings = {
				ASSETCATALOG_COMPILER_APPICON_NAME = AppIcon;
				DEVELOPMENT_TEAM = A94WMW47U9;
				INFOPLIST_FILE = HappyComputeriOS/Info.plist;
				LD_RUNPATH_SEARCH_PATHS = "$(inherited) @executable_path/Frameworks";
				PRODUCT_BUNDLE_IDENTIFIER = Mazharul.HappyComputeriOS;
				PRODUCT_NAME = "$(TARGET_NAME)";
				SWIFT_VERSION = 3.0;
			};
			name = Release;
		};
		94A801371E75B65400A234AC /* Debug */ = {
			isa = XCBuildConfiguration;
			buildSettings = {
				ALWAYS_EMBED_SWIFT_STANDARD_LIBRARIES = YES;
				BUNDLE_LOADER = "$(TEST_HOST)";
				INFOPLIST_FILE = HappyComputeriOSTests/Info.plist;
				LD_RUNPATH_SEARCH_PATHS = "$(inherited) @executable_path/Frameworks @loader_path/Frameworks";
				PRODUCT_BUNDLE_IDENTIFIER = Mazharul.HappyComputeriOSTests;
				PRODUCT_NAME = "$(TARGET_NAME)";
				SWIFT_VERSION = 3.0;
				TEST_HOST = "$(BUILT_PRODUCTS_DIR)/HappyComputeriOS.app/HappyComputeriOS";
			};
			name = Debug;
		};
		94A801381E75B65400A234AC /* Release */ = {
			isa = XCBuildConfiguration;
			buildSettings = {
				ALWAYS_EMBED_SWIFT_STANDARD_LIBRARIES = YES;
				BUNDLE_LOADER = "$(TEST_HOST)";
				INFOPLIST_FILE = HappyComputeriOSTests/Info.plist;
				LD_RUNPATH_SEARCH_PATHS = "$(inherited) @executable_path/Frameworks @loader_path/Frameworks";
				PRODUCT_BUNDLE_IDENTIFIER = Mazharul.HappyComputeriOSTests;
				PRODUCT_NAME = "$(TARGET_NAME)";
				SWIFT_VERSION = 3.0;
				TEST_HOST = "$(BUILT_PRODUCTS_DIR)/HappyComputeriOS.app/HappyComputeriOS";
			};
			name = Release;
		};
		94A8013A1E75B65400A234AC /* Debug */ = {
			isa = XCBuildConfiguration;
			buildSettings = {
				ALWAYS_EMBED_SWIFT_STANDARD_LIBRARIES = YES;
				INFOPLIST_FILE = HappyComputeriOSUITests/Info.plist;
				LD_RUNPATH_SEARCH_PATHS = "$(inherited) @executable_path/Frameworks @loader_path/Frameworks";
				PRODUCT_BUNDLE_IDENTIFIER = Mazharul.HappyComputeriOSUITests;
				PRODUCT_NAME = "$(TARGET_NAME)";
				SWIFT_VERSION = 3.0;
				TEST_TARGET_NAME = HappyComputeriOS;
			};
			name = Debug;
		};
		94A8013B1E75B65400A234AC /* Release */ = {
			isa = XCBuildConfiguration;
			buildSettings = {
				ALWAYS_EMBED_SWIFT_STANDARD_LIBRARIES = YES;
				INFOPLIST_FILE = HappyComputeriOSUITests/Info.plist;
				LD_RUNPATH_SEARCH_PATHS = "$(inherited) @executable_path/Frameworks @loader_path/Frameworks";
				PRODUCT_BUNDLE_IDENTIFIER = Mazharul.HappyComputeriOSUITests;
				PRODUCT_NAME = "$(TARGET_NAME)";
				SWIFT_VERSION = 3.0;
				TEST_TARGET_NAME = HappyComputeriOS;
			};
			name = Release;
		};
/* End XCBuildConfiguration section */

/* Begin XCConfigurationList section */
		94A801061E75B65200A234AC /* Build configuration list for PBXProject "HappyComputeriOS" */ = {
			isa = XCConfigurationList;
			buildConfigurations = (
				94A801311E75B65400A234AC /* Debug */,
				94A801321E75B65400A234AC /* Release */,
			);
			defaultConfigurationIsVisible = 0;
			defaultConfigurationName = Release;
		};
		94A801331E75B65400A234AC /* Build configuration list for PBXNativeTarget "HappyComputeriOS" */ = {
			isa = XCConfigurationList;
			buildConfigurations = (
				94A801341E75B65400A234AC /* Debug */,
				94A801351E75B65400A234AC /* Release */,
			);
			defaultConfigurationIsVisible = 0;
			defaultConfigurationName = Release;
		};
		94A801361E75B65400A234AC /* Build configuration list for PBXNativeTarget "HappyComputeriOSTests" */ = {
			isa = XCConfigurationList;
			buildConfigurations = (
				94A801371E75B65400A234AC /* Debug */,
				94A801381E75B65400A234AC /* Release */,
			);
			defaultConfigurationIsVisible = 0;
			defaultConfigurationName = Release;
		};
		94A801391E75B65400A234AC /* Build configuration list for PBXNativeTarget "HappyComputeriOSUITests" */ = {
			isa = XCConfigurationList;
			buildConfigurations = (
				94A8013A1E75B65400A234AC /* Debug */,
				94A8013B1E75B65400A234AC /* Release */,
			);
			defaultConfigurationIsVisible = 0;
			defaultConfigurationName = Release;
		};
/* End XCConfigurationList section */
	};
	rootObject = 94A801031E75B65200A234AC /* Project object */;
}
